// !$*UTF8*$!
{
	archiveVersion = 1;
	classes = {
	};
	objectVersion = 50;
	objects = {

/* Begin PBXBuildFile section */
		3243B9AC7211CB0F1C98A4CF /* Pods_JBKenBurnsView.framework in Frameworks */ = {isa = PBXBuildFile; fileRef = DE13171B3BE8F1F46EAA9384 /* Pods_JBKenBurnsView.framework */; };
		A420A6F320D91C5900BF51B3 /* AppDelegate.swift in Sources */ = {isa = PBXBuildFile; fileRef = A420A6F220D91C5900BF51B3 /* AppDelegate.swift */; };
		A420A6F520D91C5900BF51B3 /* ViewController.swift in Sources */ = {isa = PBXBuildFile; fileRef = A420A6F420D91C5900BF51B3 /* ViewController.swift */; };
		A420A6F820D91C5900BF51B3 /* Main.storyboard in Resources */ = {isa = PBXBuildFile; fileRef = A420A6F620D91C5900BF51B3 /* Main.storyboard */; };
		A420A6FA20D91C5A00BF51B3 /* Assets.xcassets in Resources */ = {isa = PBXBuildFile; fileRef = A420A6F920D91C5A00BF51B3 /* Assets.xcassets */; };
		A420A6FD20D91C5A00BF51B3 /* LaunchScreen.storyboard in Resources */ = {isa = PBXBuildFile; fileRef = A420A6FB20D91C5A00BF51B3 /* LaunchScreen.storyboard */; };
		A420A70620D91DAA00BF51B3 /* JBKenBurnsView.swift in Sources */ = {isa = PBXBuildFile; fileRef = A420A70520D91DAA00BF51B3 /* JBKenBurnsView.swift */; };
/* End PBXBuildFile section */

/* Begin PBXFileReference section */
		1BFD9E6416D80BEC3042059A /* Pods-JBKenBurnsView.debug.xcconfig */ = {isa = PBXFileReference; includeInIndex = 1; lastKnownFileType = text.xcconfig; name = "Pods-JBKenBurnsView.debug.xcconfig"; path = "Pods/Target Support Files/Pods-JBKenBurnsView/Pods-JBKenBurnsView.debug.xcconfig"; sourceTree = "<group>"; };
		6A1099C9E1FFF29E6E1551FC /* Pods-JBKenBurnsView.release.xcconfig */ = {isa = PBXFileReference; includeInIndex = 1; lastKnownFileType = text.xcconfig; name = "Pods-JBKenBurnsView.release.xcconfig"; path = "Pods/Target Support Files/Pods-JBKenBurnsView/Pods-JBKenBurnsView.release.xcconfig"; sourceTree = "<group>"; };
		A420A6EF20D91C5900BF51B3 /* JBKenBurnsView.app */ = {isa = PBXFileReference; explicitFileType = wrapper.application; includeInIndex = 0; path = JBKenBurnsView.app; sourceTree = BUILT_PRODUCTS_DIR; };
		A420A6F220D91C5900BF51B3 /* AppDelegate.swift */ = {isa = PBXFileReference; lastKnownFileType = sourcecode.swift; path = AppDelegate.swift; sourceTree = "<group>"; };
		A420A6F420D91C5900BF51B3 /* ViewController.swift */ = {isa = PBXFileReference; lastKnownFileType = sourcecode.swift; path = ViewController.swift; sourceTree = "<group>"; };
		A420A6F720D91C5900BF51B3 /* Base */ = {isa = PBXFileReference; lastKnownFileType = file.storyboard; name = Base; path = Base.lproj/Main.storyboard; sourceTree = "<group>"; };
		A420A6F920D91C5A00BF51B3 /* Assets.xcassets */ = {isa = PBXFileReference; lastKnownFileType = folder.assetcatalog; path = Assets.xcassets; sourceTree = "<group>"; };
		A420A6FC20D91C5A00BF51B3 /* Base */ = {isa = PBXFileReference; lastKnownFileType = file.storyboard; name = Base; path = Base.lproj/LaunchScreen.storyboard; sourceTree = "<group>"; };
		A420A6FE20D91C5A00BF51B3 /* Info.plist */ = {isa = PBXFileReference; lastKnownFileType = text.plist.xml; path = Info.plist; sourceTree = "<group>"; };
		A420A70520D91DAA00BF51B3 /* JBKenBurnsView.swift */ = {isa = PBXFileReference; lastKnownFileType = sourcecode.swift; path = JBKenBurnsView.swift; sourceTree = "<group>"; };
		DE13171B3BE8F1F46EAA9384 /* Pods_JBKenBurnsView.framework */ = {isa = PBXFileReference; explicitFileType = wrapper.framework; includeInIndex = 0; path = Pods_JBKenBurnsView.framework; sourceTree = BUILT_PRODUCTS_DIR; };
/* End PBXFileReference section */

/* Begin PBXFrameworksBuildPhase section */
		A420A6EC20D91C5900BF51B3 /* Frameworks */ = {
			isa = PBXFrameworksBuildPhase;
			buildActionMask = 2147483647;
			files = (
				3243B9AC7211CB0F1C98A4CF /* Pods_JBKenBurnsView.framework in Frameworks */,
			);
			runOnlyForDeploymentPostprocessing = 0;
		};
/* End PBXFrameworksBuildPhase section */

/* Begin PBXGroup section */
		3E049871AE429A0D6B7CC159 /* Pods */ = {
			isa = PBXGroup;
			children = (
				1BFD9E6416D80BEC3042059A /* Pods-JBKenBurnsView.debug.xcconfig */,
				6A1099C9E1FFF29E6E1551FC /* Pods-JBKenBurnsView.release.xcconfig */,
			);
			name = Pods;
			sourceTree = "<group>";
		};
		A420A6E620D91C5800BF51B3 = {
			isa = PBXGroup;
			children = (
				A420A70420D91D1B00BF51B3 /* Source */,
				A420A6F120D91C5900BF51B3 /* JBKenBurnsView */,
				A420A6F020D91C5900BF51B3 /* Products */,
				3E049871AE429A0D6B7CC159 /* Pods */,
				DD3E14BF236681E3AE121557 /* Frameworks */,
			);
			sourceTree = "<group>";
		};
		A420A6F020D91C5900BF51B3 /* Products */ = {
			isa = PBXGroup;
			children = (
				A420A6EF20D91C5900BF51B3 /* JBKenBurnsView.app */,
			);
			name = Products;
			sourceTree = "<group>";
		};
		A420A6F120D91C5900BF51B3 /* JBKenBurnsView */ = {
			isa = PBXGroup;
			children = (
				A420A6F220D91C5900BF51B3 /* AppDelegate.swift */,
				A420A6F420D91C5900BF51B3 /* ViewController.swift */,
				A420A6F620D91C5900BF51B3 /* Main.storyboard */,
				A420A6F920D91C5A00BF51B3 /* Assets.xcassets */,
				A420A6FB20D91C5A00BF51B3 /* LaunchScreen.storyboard */,
				A420A6FE20D91C5A00BF51B3 /* Info.plist */,
			);
			path = JBKenBurnsView;
			sourceTree = "<group>";
		};
		A420A70420D91D1B00BF51B3 /* Source */ = {
			isa = PBXGroup;
			children = (
				A420A70520D91DAA00BF51B3 /* JBKenBurnsView.swift */,
			);
			path = Source;
			sourceTree = "<group>";
		};
		DD3E14BF236681E3AE121557 /* Frameworks */ = {
			isa = PBXGroup;
			children = (
				DE13171B3BE8F1F46EAA9384 /* Pods_JBKenBurnsView.framework */,
			);
			name = Frameworks;
			sourceTree = "<group>";
		};
/* End PBXGroup section */

/* Begin PBXNativeTarget section */
		A420A6EE20D91C5900BF51B3 /* JBKenBurnsView */ = {
			isa = PBXNativeTarget;
			buildConfigurationList = A420A70120D91C5A00BF51B3 /* Build configuration list for PBXNativeTarget "JBKenBurnsView" */;
			buildPhases = (
				62F27F16B53228345CF27516 /* [CP] Check Pods Manifest.lock */,
				A420A6EB20D91C5900BF51B3 /* Sources */,
				A420A6EC20D91C5900BF51B3 /* Frameworks */,
				A420A6ED20D91C5900BF51B3 /* Resources */,
				6E478DE128766164239A6FF3 /* [CP] Embed Pods Frameworks */,
			);
			buildRules = (
			);
			dependencies = (
			);
			name = JBKenBurnsView;
			productName = JBKenBurnsView;
			productReference = A420A6EF20D91C5900BF51B3 /* JBKenBurnsView.app */;
			productType = "com.apple.product-type.application";
		};
/* End PBXNativeTarget section */

/* Begin PBXProject section */
		A420A6E720D91C5800BF51B3 /* Project object */ = {
			isa = PBXProject;
			attributes = {
				LastSwiftUpdateCheck = 0940;
				LastUpgradeCheck = 0940;
				ORGANIZATIONNAME = ssankosik;
				TargetAttributes = {
					A420A6EE20D91C5900BF51B3 = {
						CreatedOnToolsVersion = 9.4;
					};
				};
			};
			buildConfigurationList = A420A6EA20D91C5800BF51B3 /* Build configuration list for PBXProject "JBKenBurnsView" */;
			compatibilityVersion = "Xcode 9.3";
			developmentRegion = en;
			hasScannedForEncodings = 0;
			knownRegions = (
				en,
				Base,
			);
			mainGroup = A420A6E620D91C5800BF51B3;
			productRefGroup = A420A6F020D91C5900BF51B3 /* Products */;
			projectDirPath = "";
			projectRoot = "";
			targets = (
				A420A6EE20D91C5900BF51B3 /* JBKenBurnsView */,
			);
		};
/* End PBXProject section */

/* Begin PBXResourcesBuildPhase section */
		A420A6ED20D91C5900BF51B3 /* Resources */ = {
			isa = PBXResourcesBuildPhase;
			buildActionMask = 2147483647;
			files = (
				A420A6FD20D91C5A00BF51B3 /* LaunchScreen.storyboard in Resources */,
				A420A6FA20D91C5A00BF51B3 /* Assets.xcassets in Resources */,
				A420A6F820D91C5900BF51B3 /* Main.storyboard in Resources */,
			);
			runOnlyForDeploymentPostprocessing = 0;
		};
/* End PBXResourcesBuildPhase section */

/* Begin PBXShellScriptBuildPhase section */
		62F27F16B53228345CF27516 /* [CP] Check Pods Manifest.lock */ = {
			isa = PBXShellScriptBuildPhase;
			buildActionMask = 2147483647;
			files = (
			);
			inputPaths = (
				"${PODS_PODFILE_DIR_PATH}/Podfile.lock",
				"${PODS_ROOT}/Manifest.lock",
			);
			name = "[CP] Check Pods Manifest.lock";
			outputPaths = (
				"$(DERIVED_FILE_DIR)/Pods-JBKenBurnsView-checkManifestLockResult.txt",
			);
			runOnlyForDeploymentPostprocessing = 0;
			shellPath = /bin/sh;
			shellScript = "diff \"${PODS_PODFILE_DIR_PATH}/Podfile.lock\" \"${PODS_ROOT}/Manifest.lock\" > /dev/null\nif [ $? != 0 ] ; then\n    # print error to STDERR\n    echo \"error: The sandbox is not in sync with the Podfile.lock. Run 'pod install' or update your CocoaPods installation.\" >&2\n    exit 1\nfi\n# This output is used by Xcode 'outputs' to avoid re-running this script phase.\necho \"SUCCESS\" > \"${SCRIPT_OUTPUT_FILE_0}\"\n";
			showEnvVarsInLog = 0;
		};
		6E478DE128766164239A6FF3 /* [CP] Embed Pods Frameworks */ = {
			isa = PBXShellScriptBuildPhase;
			buildActionMask = 2147483647;
			files = (
			);
			inputPaths = (
				"${SRCROOT}/Pods/Target Support Files/Pods-JBKenBurnsView/Pods-JBKenBurnsView-frameworks.sh",
				"${BUILT_PRODUCTS_DIR}/Kingfisher/Kingfisher.framework",
			);
			name = "[CP] Embed Pods Frameworks";
			outputPaths = (
				"${TARGET_BUILD_DIR}/${FRAMEWORKS_FOLDER_PATH}/Kingfisher.framework",
			);
			runOnlyForDeploymentPostprocessing = 0;
			shellPath = /bin/sh;
			shellScript = "\"${SRCROOT}/Pods/Target Support Files/Pods-JBKenBurnsView/Pods-JBKenBurnsView-frameworks.sh\"\n";
			showEnvVarsInLog = 0;
		};
/* End PBXShellScriptBuildPhase section */

/* Begin PBXSourcesBuildPhase section */
		A420A6EB20D91C5900BF51B3 /* Sources */ = {
			isa = PBXSourcesBuildPhase;
			buildActionMask = 2147483647;
			files = (
				A420A70620D91DAA00BF51B3 /* JBKenBurnsView.swift in Sources */,
				A420A6F520D91C5900BF51B3 /* ViewController.swift in Sources */,
				A420A6F320D91C5900BF51B3 /* AppDelegate.swift in Sources */,
			);
			runOnlyForDeploymentPostprocessing = 0;
		};
/* End PBXSourcesBuildPhase section */

/* Begin PBXVariantGroup section */
		A420A6F620D91C5900BF51B3 /* Main.storyboard */ = {
			isa = PBXVariantGroup;
			children = (
				A420A6F720D91C5900BF51B3 /* Base */,
			);
			name = Main.storyboard;
			sourceTree = "<group>";
		};
		A420A6FB20D91C5A00BF51B3 /* LaunchScreen.storyboard */ = {
			isa = PBXVariantGroup;
			children = (
				A420A6FC20D91C5A00BF51B3 /* Base */,
			);
			name = LaunchScreen.storyboard;
			sourceTree = "<group>";
		};
/* End PBXVariantGroup section */

/* Begin XCBuildConfiguration section */
		A420A6FF20D91C5A00BF51B3 /* Debug */ = {
			isa = XCBuildConfiguration;
			buildSettings = {
				ALWAYS_SEARCH_USER_PATHS = NO;
				CLANG_ANALYZER_NONNULL = YES;
				CLANG_ANALYZER_NUMBER_OBJECT_CONVERSION = YES_AGGRESSIVE;
				CLANG_CXX_LANGUAGE_STANDARD = "gnu++14";
				CLANG_CXX_LIBRARY = "libc++";
				CLANG_ENABLE_MODULES = YES;
				CLANG_ENABLE_OBJC_ARC = YES;
				CLANG_ENABLE_OBJC_WEAK = YES;
				CLANG_WARN_BLOCK_CAPTURE_AUTORELEASING = YES;
				CLANG_WARN_BOOL_CONVERSION = YES;
				CLANG_WARN_COMMA = YES;
				CLANG_WARN_CONSTANT_CONVERSION = YES;
				CLANG_WARN_DEPRECATED_OBJC_IMPLEMENTATIONS = YES;
				CLANG_WARN_DIRECT_OBJC_ISA_USAGE = YES_ERROR;
				CLANG_WARN_DOCUMENTATION_COMMENTS = YES;
				CLANG_WARN_EMPTY_BODY = YES;
				CLANG_WARN_ENUM_CONVERSION = YES;
				CLANG_WARN_INFINITE_RECURSION = YES;
				CLANG_WARN_INT_CONVERSION = YES;
				CLANG_WARN_NON_LITERAL_NULL_CONVERSION = YES;
				CLANG_WARN_OBJC_IMPLICIT_RETAIN_SELF = YES;
				CLANG_WARN_OBJC_LITERAL_CONVERSION = YES;
				CLANG_WARN_OBJC_ROOT_CLASS = YES_ERROR;
				CLANG_WARN_RANGE_LOOP_ANALYSIS = YES;
				CLANG_WARN_STRICT_PROTOTYPES = YES;
				CLANG_WARN_SUSPICIOUS_MOVE = YES;
				CLANG_WARN_UNGUARDED_AVAILABILITY = YES_AGGRESSIVE;
				CLANG_WARN_UNREACHABLE_CODE = YES;
				CLANG_WARN__DUPLICATE_METHOD_MATCH = YES;
				CODE_SIGN_IDENTITY = "iPhone Developer";
				COPY_PHASE_STRIP = NO;
				DEBUG_INFORMATION_FORMAT = dwarf;
				ENABLE_STRICT_OBJC_MSGSEND = YES;
				ENABLE_TESTABILITY = YES;
				GCC_C_LANGUAGE_STANDARD = gnu11;
				GCC_DYNAMIC_NO_PIC = NO;
				GCC_NO_COMMON_BLOCKS = YES;
				GCC_OPTIMIZATION_LEVEL = 0;
				GCC_PREPROCESSOR_DEFINITIONS = (
					"DEBUG=1",
					"$(inherited)",
				);
				GCC_WARN_64_TO_32_BIT_CONVERSION = YES;
				GCC_WARN_ABOUT_RETURN_TYPE = YES_ERROR;
				GCC_WARN_UNDECLARED_SELECTOR = YES;
				GCC_WARN_UNINITIALIZED_AUTOS = YES_AGGRESSIVE;
				GCC_WARN_UNUSED_FUNCTION = YES;
				GCC_WARN_UNUSED_VARIABLE = YES;
				IPHONEOS_DEPLOYMENT_TARGET = 11.4;
				MTL_ENABLE_DEBUG_INFO = YES;
				ONLY_ACTIVE_ARCH = YES;
				SDKROOT = iphoneos;
				SWIFT_ACTIVE_COMPILATION_CONDITIONS = DEBUG;
				SWIFT_OPTIMIZATION_LEVEL = "-Onone";
			};
			name = Debug;
		};
		A420A70020D91C5A00BF51B3 /* Release */ = {
			isa = XCBuildConfiguration;
			buildSettings = {
				ALWAYS_SEARCH_USER_PATHS = NO;
				CLANG_ANALYZER_NONNULL = YES;
				CLANG_ANALYZER_NUMBER_OBJECT_CONVERSION = YES_AGGRESSIVE;
				CLANG_CXX_LANGUAGE_STANDARD = "gnu++14";
				CLANG_CXX_LIBRARY = "libc++";
				CLANG_ENABLE_MODULES = YES;
				CLANG_ENABLE_OBJC_ARC = YES;
				CLANG_ENABLE_OBJC_WEAK = YES;
				CLANG_WARN_BLOCK_CAPTURE_AUTORELEASING = YES;
				CLANG_WARN_BOOL_CONVERSION = YES;
				CLANG_WARN_COMMA = YES;
				CLANG_WARN_CONSTANT_CONVERSION = YES;
				CLANG_WARN_DEPRECATED_OBJC_IMPLEMENTATIONS = YES;
				CLANG_WARN_DIRECT_OBJC_ISA_USAGE = YES_ERROR;
				CLANG_WARN_DOCUMENTATION_COMMENTS = YES;
				CLANG_WARN_EMPTY_BODY = YES;
				CLANG_WARN_ENUM_CONVERSION = YES;
				CLANG_WARN_INFINITE_RECURSION = YES;
				CLANG_WARN_INT_CONVERSION = YES;
				CLANG_WARN_NON_LITERAL_NULL_CONVERSION = YES;
				CLANG_WARN_OBJC_IMPLICIT_RETAIN_SELF = YES;
				CLANG_WARN_OBJC_LITERAL_CONVERSION = YES;
				CLANG_WARN_OBJC_ROOT_CLASS = YES_ERROR;
				CLANG_WARN_RANGE_LOOP_ANALYSIS = YES;
				CLANG_WARN_STRICT_PROTOTYPES = YES;
				CLANG_WARN_SUSPICIOUS_MOVE = YES;
				CLANG_WARN_UNGUARDED_AVAILABILITY = YES_AGGRESSIVE;
				CLANG_WARN_UNREACHABLE_CODE = YES;
				CLANG_WARN__DUPLICATE_METHOD_MATCH = YES;
				CODE_SIGN_IDENTITY = "iPhone Developer";
				COPY_PHASE_STRIP = NO;
				DEBUG_INFORMATION_FORMAT = "dwarf-with-dsym";
				ENABLE_NS_ASSERTIONS = NO;
				ENABLE_STRICT_OBJC_MSGSEND = YES;
				GCC_C_LANGUAGE_STANDARD = gnu11;
				GCC_NO_COMMON_BLOCKS = YES;
				GCC_WARN_64_TO_32_BIT_CONVERSION = YES;
				GCC_WARN_ABOUT_RETURN_TYPE = YES_ERROR;
				GCC_WARN_UNDECLARED_SELECTOR = YES;
				GCC_WARN_UNINITIALIZED_AUTOS = YES_AGGRESSIVE;
				GCC_WARN_UNUSED_FUNCTION = YES;
				GCC_WARN_UNUSED_VARIABLE = YES;
				IPHONEOS_DEPLOYMENT_TARGET = 11.4;
				MTL_ENABLE_DEBUG_INFO = NO;
				SDKROOT = iphoneos;
				SWIFT_COMPILATION_MODE = wholemodule;
				SWIFT_OPTIMIZATION_LEVEL = "-O";
				VALIDATE_PRODUCT = YES;
			};
			name = Release;
		};
		A420A70220D91C5A00BF51B3 /* Debug */ = {
			isa = XCBuildConfiguration;
			baseConfigurationReference = 1BFD9E6416D80BEC3042059A /* Pods-JBKenBurnsView.debug.xcconfig */;
			buildSettings = {
				ASSETCATALOG_COMPILER_APPICON_NAME = AppIcon;
				CODE_SIGN_STYLE = Automatic;
				DEVELOPMENT_TEAM = RD34536BDQ;
				INFOPLIST_FILE = JBKenBurnsView/Info.plist;
				LD_RUNPATH_SEARCH_PATHS = (
					"$(inherited)",
					"@executable_path/Frameworks",
				);
				PRODUCT_BUNDLE_IDENTIFIER = com.ssankosik.JBKenBurnsView;
				PRODUCT_NAME = "$(TARGET_NAME)";
				SWIFT_VERSION = 4.0;
				TARGETED_DEVICE_FAMILY = "1,2";
			};
			name = Debug;
		};
		A420A70320D91C5A00BF51B3 /* Release */ = {
			isa = XCBuildConfiguration;
			baseConfigurationReference = 6A1099C9E1FFF29E6E1551FC /* Pods-JBKenBurnsView.release.xcconfig */;
			buildSettings = {
				ASSETCATALOG_COMPILER_APPICON_NAME = AppIcon;
				CODE_SIGN_STYLE = Automatic;
				DEVELOPMENT_TEAM = RD34536BDQ;
				INFOPLIST_FILE = JBKenBurnsView/Info.plist;
				LD_RUNPATH_SEARCH_PATHS = (
					"$(inherited)",
					"@executable_path/Frameworks",
				);
				PRODUCT_BUNDLE_IDENTIFIER = com.ssankosik.JBKenBurnsView;
				PRODUCT_NAME = "$(TARGET_NAME)";
				SWIFT_VERSION = 4.0;
				TARGETED_DEVICE_FAMILY = "1,2";
			};
			name = Release;
		};
/* End XCBuildConfiguration section */

/* Begin XCConfigurationList section */
		A420A6EA20D91C5800BF51B3 /* Build configuration list for PBXProject "JBKenBurnsView" */ = {
			isa = XCConfigurationList;
			buildConfigurations = (
				A420A6FF20D91C5A00BF51B3 /* Debug */,
				A420A70020D91C5A00BF51B3 /* Release */,
			);
			defaultConfigurationIsVisible = 0;
			defaultConfigurationName = Release;
		};
		A420A70120D91C5A00BF51B3 /* Build configuration list for PBXNativeTarget "JBKenBurnsView" */ = {
			isa = XCConfigurationList;
			buildConfigurations = (
				A420A70220D91C5A00BF51B3 /* Debug */,
				A420A70320D91C5A00BF51B3 /* Release */,
			);
			defaultConfigurationIsVisible = 0;
			defaultConfigurationName = Release;
		};
/* End XCConfigurationList section */
	};
	rootObject = A420A6E720D91C5800BF51B3 /* Project object */;
}
